
Microsoft Visual Studio Solution File, Format Version 12.00
# Visual Studio Version 17
VisualStudioVersion = 17.2.32602.215
MinimumVisualStudioVersion = 10.0.40219.1
Project("{2150E333-8FDC-42A3-9474-1A3956D46DE8}") = "Services", "Services", "{C5E48B01-C1BB-4714-BA5F-A22814E66C84}"
EndProject
Project("{2150E333-8FDC-42A3-9474-1A3956D46DE8}") = "Catalog", "Catalog", "{A70BF94A-42AC-4279-B3BD-33894CB25132}"
EndProject
Project("{FAE04EC0-301F-11D3-BF4B-00C04F79EFBC}") = "Catalog.API", "Services\Catalog\Catalog.API\Catalog.API.csproj", "{7C71ADAA-08B7-4434-8BE0-50ED2FD71432}"
EndProject
Global
	GlobalSection(SolutionConfigurationPlatforms) = preSolution
		Debug|Any CPU = Debug|Any CPU
		Release|Any CPU = Release|Any CPU
	EndGlobalSection
	GlobalSection(ProjectConfigurationPlatforms) = postSolution
		{7C71ADAA-08B7-4434-8BE0-50ED2FD71432}.Debug|Any CPU.ActiveCfg = Debug|Any CPU
		{7C71ADAA-08B7-4434-8BE0-50ED2FD71432}.Debug|Any CPU.Build.0 = Debug|Any CPU
		{7C71ADAA-08B7-4434-8BE0-50ED2FD71432}.Release|Any CPU.ActiveCfg = Release|Any CPU
		{7C71ADAA-08B7-4434-8BE0-50ED2FD71432}.Release|Any CPU.Build.0 = Release|Any CPU
	EndGlobalSection
	GlobalSection(SolutionProperties) = preSolution
		HideSolutionNode = FALSE
	EndGlobalSection
	GlobalSection(NestedProjects) = preSolution
		{A70BF94A-42AC-4279-B3BD-33894CB25132} = {C5E48B01-C1BB-4714-BA5F-A22814E66C84}
		{7C71ADAA-08B7-4434-8BE0-50ED2FD71432} = {A70BF94A-42AC-4279-B3BD-33894CB25132}
	EndGlobalSection
	GlobalSection(ExtensibilityGlobals) = postSolution
		SolutionGuid = {7905C935-CD06-468C-B142-4DB55C5AA411}
	EndGlobalSection
EndGlobal
